dependencies:
- name: media
  repository: ""
  version: 0.1.0
- name: powerdns
  repository: ""
  version: 0.1.0
- name: external-dns
  repository: https://charts.bitnami.com/bitnami
  version: 6.12.1
- name: baremetal-operator
  repository: ""
  version: 0.1.1
- name: nfs-subdir-external-provisioner
  repository: https://kubernetes-sigs.github.io/nfs-subdir-external-provisioner
  version: 4.0.18
- name: nfs-subdir-external-provisioner
  repository: https://kubernetes-sigs.github.io/nfs-subdir-external-provisioner
  version: 4.0.18
- name: ironic
  repository: ""
  version: 0.1.1
- name: mariadb
  repository: ""
  version: 0.1.1
digest: sha256:f6d65497818296b3824dc42ca7bcd098a933da9a7aa289e6bb7c312630a72d5f
generated: "2023-05-11T21:57:54.722820973-07:00"
